// !$*UTF8*$!
{
	archiveVersion = 1;
	classes = {
	};
	objectVersion = 51;
	objects = {

/* Begin PBXBuildFile section */
		1727786A26DF14F1009F85C3 /* CollectionViewController_I.swift in Sources */ = {isa = PBXBuildFile; fileRef = 1727786926DF14F1009F85C3 /* CollectionViewController_I.swift */; };
		1727786C26DF1B4E009F85C3 /* CollectionVC_I.swift in Sources */ = {isa = PBXBuildFile; fileRef = 1727786B26DF1B4E009F85C3 /* CollectionVC_I.swift */; };
		1727786E26DF1BAE009F85C3 /* TagCell.swift in Sources */ = {isa = PBXBuildFile; fileRef = 1727786D26DF1BAE009F85C3 /* TagCell.swift */; };
		1727787126DF2A9F009F85C3 /* UIColor+UI.swift in Sources */ = {isa = PBXBuildFile; fileRef = 1727787026DF2A9F009F85C3 /* UIColor+UI.swift */; };
		1745775926D6089E00320B1D /* MyViewController.swift in Sources */ = {isa = PBXBuildFile; fileRef = 1745775826D6089E00320B1D /* MyViewController.swift */; };
		1745775C26D7378100320B1D /* ClassModel.swift in Sources */ = {isa = PBXBuildFile; fileRef = 1745775B26D7378100320B1D /* ClassModel.swift */; };
		1745775E26D7379200320B1D /* StructModel.swift in Sources */ = {isa = PBXBuildFile; fileRef = 1745775D26D7379200320B1D /* StructModel.swift */; };
		1745776226D75F0500320B1D /* PlaygroundViewController.swift in Sources */ = {isa = PBXBuildFile; fileRef = 1745776126D75F0500320B1D /* PlaygroundViewController.swift */; };
		1758E52126C3FDCA008C4C36 /* ViewController.swift in Sources */ = {isa = PBXBuildFile; fileRef = 1758E52026C3FDCA008C4C36 /* ViewController.swift */; };
		17E6FBF926C3DA9B003D3761 /* AppDelegate.swift in Sources */ = {isa = PBXBuildFile; fileRef = 17E6FBF826C3DA9B003D3761 /* AppDelegate.swift */; };
		17E6FBFB26C3DA9B003D3761 /* SceneDelegate.swift in Sources */ = {isa = PBXBuildFile; fileRef = 17E6FBFA26C3DA9B003D3761 /* SceneDelegate.swift */; };
		17E6FC0026C3DA9B003D3761 /* Main.storyboard in Resources */ = {isa = PBXBuildFile; fileRef = 17E6FBFE26C3DA9B003D3761 /* Main.storyboard */; };
		17E6FC0226C3DA9C003D3761 /* Assets.xcassets in Resources */ = {isa = PBXBuildFile; fileRef = 17E6FC0126C3DA9C003D3761 /* Assets.xcassets */; };
		17E6FC0526C3DA9C003D3761 /* LaunchScreen.storyboard in Resources */ = {isa = PBXBuildFile; fileRef = 17E6FC0326C3DA9C003D3761 /* LaunchScreen.storyboard */; };
		17E6FC1026C3DA9D003D3761 /* UI_SwiftTests.swift in Sources */ = {isa = PBXBuildFile; fileRef = 17E6FC0F26C3DA9D003D3761 /* UI_SwiftTests.swift */; };
		17E6FC1B26C3DA9D003D3761 /* UI_SwiftUITests.swift in Sources */ = {isa = PBXBuildFile; fileRef = 17E6FC1A26C3DA9D003D3761 /* UI_SwiftUITests.swift */; };
		17E6FC2E26C3DD1A003D3761 /* ViewController_III.swift in Sources */ = {isa = PBXBuildFile; fileRef = 17E6FC2926C3DD19003D3761 /* ViewController_III.swift */; };
		17E6FC2F26C3DD1A003D3761 /* ViewController_I.swift in Sources */ = {isa = PBXBuildFile; fileRef = 17E6FC2A26C3DD19003D3761 /* ViewController_I.swift */; };
		17E6FC3026C3DD1A003D3761 /* MainNaviVC.swift in Sources */ = {isa = PBXBuildFile; fileRef = 17E6FC2B26C3DD19003D3761 /* MainNaviVC.swift */; };
		17E6FC3126C3DD1A003D3761 /* ViewController_II.swift in Sources */ = {isa = PBXBuildFile; fileRef = 17E6FC2C26C3DD19003D3761 /* ViewController_II.swift */; };
		17E6FC3226C3DD1A003D3761 /* ViewController_IV.swift in Sources */ = {isa = PBXBuildFile; fileRef = 17E6FC2D26C3DD19003D3761 /* ViewController_IV.swift */; };
		17E6FC3926C3DD24003D3761 /* NaviVC_I.swift in Sources */ = {isa = PBXBuildFile; fileRef = 17E6FC3426C3DD24003D3761 /* NaviVC_I.swift */; };
		17E6FC3A26C3DD24003D3761 /* NaviVC_II_VC_I.swift in Sources */ = {isa = PBXBuildFile; fileRef = 17E6FC3526C3DD24003D3761 /* NaviVC_II_VC_I.swift */; };
		17E6FC3B26C3DD24003D3761 /* MainTabBarVC.swift in Sources */ = {isa = PBXBuildFile; fileRef = 17E6FC3626C3DD24003D3761 /* MainTabBarVC.swift */; };
		17E6FC3C26C3DD24003D3761 /* NaviVC_II.swift in Sources */ = {isa = PBXBuildFile; fileRef = 17E6FC3726C3DD24003D3761 /* NaviVC_II.swift */; };
		17E6FC3D26C3DD24003D3761 /* NaviVC_I_VC_I.swift in Sources */ = {isa = PBXBuildFile; fileRef = 17E6FC3826C3DD24003D3761 /* NaviVC_I_VC_I.swift */; };
		2B18D477EBDD37D4BAF51EE7 /* Pods_UI_Swift.framework in Frameworks */ = {isa = PBXBuildFile; fileRef = 1C74E419977A31CE5AD7FAD6 /* Pods_UI_Swift.framework */; };
		2E5F72CF9E549BB73EDB473A /* Pods_UI_Swift_UI_SwiftUITests.framework in Frameworks */ = {isa = PBXBuildFile; fileRef = 882E98C28550A3CB8ED60EC9 /* Pods_UI_Swift_UI_SwiftUITests.framework */; };
		ACC91DB3B11D9D8795AE3CC4 /* Pods_UI_SwiftTests.framework in Frameworks */ = {isa = PBXBuildFile; fileRef = 25997376C3CED0E61DDC111A /* Pods_UI_SwiftTests.framework */; };
/* End PBXBuildFile section */

/* Begin PBXContainerItemProxy section */
		17E6FC0C26C3DA9D003D3761 /* PBXContainerItemProxy */ = {
			isa = PBXContainerItemProxy;
			containerPortal = 17E6FBED26C3DA9B003D3761 /* Project object */;
			proxyType = 1;
			remoteGlobalIDString = 17E6FBF426C3DA9B003D3761;
			remoteInfo = UI_Swift;
		};
		17E6FC1726C3DA9D003D3761 /* PBXContainerItemProxy */ = {
			isa = PBXContainerItemProxy;
			containerPortal = 17E6FBED26C3DA9B003D3761 /* Project object */;
			proxyType = 1;
			remoteGlobalIDString = 17E6FBF426C3DA9B003D3761;
			remoteInfo = UI_Swift;
		};
/* End PBXContainerItemProxy section */

/* Begin PBXFileReference section */
		1727786926DF14F1009F85C3 /* CollectionViewController_I.swift */ = {isa = PBXFileReference; lastKnownFileType = sourcecode.swift; path = CollectionViewController_I.swift; sourceTree = "<group>"; };
		1727786B26DF1B4E009F85C3 /* CollectionVC_I.swift */ = {isa = PBXFileReference; lastKnownFileType = sourcecode.swift; path = CollectionVC_I.swift; sourceTree = "<group>"; };
		1727786D26DF1BAE009F85C3 /* TagCell.swift */ = {isa = PBXFileReference; lastKnownFileType = sourcecode.swift; path = TagCell.swift; sourceTree = "<group>"; };
		1727787026DF2A9F009F85C3 /* UIColor+UI.swift */ = {isa = PBXFileReference; lastKnownFileType = sourcecode.swift; path = "UIColor+UI.swift"; sourceTree = "<group>"; };
		1745775826D6089E00320B1D /* MyViewController.swift */ = {isa = PBXFileReference; lastKnownFileType = sourcecode.swift; path = MyViewController.swift; sourceTree = "<group>"; };
		1745775B26D7378100320B1D /* ClassModel.swift */ = {isa = PBXFileReference; lastKnownFileType = sourcecode.swift; path = ClassModel.swift; sourceTree = "<group>"; };
		1745775D26D7379200320B1D /* StructModel.swift */ = {isa = PBXFileReference; lastKnownFileType = sourcecode.swift; path = StructModel.swift; sourceTree = "<group>"; };
		1745776126D75F0500320B1D /* PlaygroundViewController.swift */ = {isa = PBXFileReference; lastKnownFileType = sourcecode.swift; path = PlaygroundViewController.swift; sourceTree = "<group>"; };
		1758E52026C3FDCA008C4C36 /* ViewController.swift */ = {isa = PBXFileReference; lastKnownFileType = sourcecode.swift; path = ViewController.swift; sourceTree = "<group>"; };
		17C7292026E70DB0001ED516 /* MyPlayground.playground */ = {isa = PBXFileReference; lastKnownFileType = file.playground; path = MyPlayground.playground; sourceTree = "<group>"; xcLanguageSpecificationIdentifier = xcode.lang.swift; };
		17E6FBF526C3DA9B003D3761 /* UI_Swift.app */ = {isa = PBXFileReference; explicitFileType = wrapper.application; includeInIndex = 0; path = UI_Swift.app; sourceTree = BUILT_PRODUCTS_DIR; };
		17E6FBF826C3DA9B003D3761 /* AppDelegate.swift */ = {isa = PBXFileReference; lastKnownFileType = sourcecode.swift; path = AppDelegate.swift; sourceTree = "<group>"; };
		17E6FBFA26C3DA9B003D3761 /* SceneDelegate.swift */ = {isa = PBXFileReference; lastKnownFileType = sourcecode.swift; path = SceneDelegate.swift; sourceTree = "<group>"; };
		17E6FBFF26C3DA9B003D3761 /* Base */ = {isa = PBXFileReference; lastKnownFileType = file.storyboard; name = Base; path = Base.lproj/Main.storyboard; sourceTree = "<group>"; };
		17E6FC0126C3DA9C003D3761 /* Assets.xcassets */ = {isa = PBXFileReference; lastKnownFileType = folder.assetcatalog; path = Assets.xcassets; sourceTree = "<group>"; };
		17E6FC0426C3DA9C003D3761 /* Base */ = {isa = PBXFileReference; lastKnownFileType = file.storyboard; name = Base; path = Base.lproj/LaunchScreen.storyboard; sourceTree = "<group>"; };
		17E6FC0626C3DA9C003D3761 /* Info.plist */ = {isa = PBXFileReference; lastKnownFileType = text.plist.xml; path = Info.plist; sourceTree = "<group>"; };
		17E6FC0B26C3DA9D003D3761 /* UI_SwiftTests.xctest */ = {isa = PBXFileReference; explicitFileType = wrapper.cfbundle; includeInIndex = 0; path = UI_SwiftTests.xctest; sourceTree = BUILT_PRODUCTS_DIR; };
		17E6FC0F26C3DA9D003D3761 /* UI_SwiftTests.swift */ = {isa = PBXFileReference; lastKnownFileType = sourcecode.swift; path = UI_SwiftTests.swift; sourceTree = "<group>"; };
		17E6FC1126C3DA9D003D3761 /* Info.plist */ = {isa = PBXFileReference; lastKnownFileType = text.plist.xml; path = Info.plist; sourceTree = "<group>"; };
		17E6FC1626C3DA9D003D3761 /* UI_SwiftUITests.xctest */ = {isa = PBXFileReference; explicitFileType = wrapper.cfbundle; includeInIndex = 0; path = UI_SwiftUITests.xctest; sourceTree = BUILT_PRODUCTS_DIR; };
		17E6FC1A26C3DA9D003D3761 /* UI_SwiftUITests.swift */ = {isa = PBXFileReference; lastKnownFileType = sourcecode.swift; path = UI_SwiftUITests.swift; sourceTree = "<group>"; };
		17E6FC1C26C3DA9D003D3761 /* Info.plist */ = {isa = PBXFileReference; lastKnownFileType = text.plist.xml; path = Info.plist; sourceTree = "<group>"; };
		17E6FC2926C3DD19003D3761 /* ViewController_III.swift */ = {isa = PBXFileReference; fileEncoding = 4; lastKnownFileType = sourcecode.swift; path = ViewController_III.swift; sourceTree = "<group>"; };
		17E6FC2A26C3DD19003D3761 /* ViewController_I.swift */ = {isa = PBXFileReference; fileEncoding = 4; lastKnownFileType = sourcecode.swift; path = ViewController_I.swift; sourceTree = "<group>"; };
		17E6FC2B26C3DD19003D3761 /* MainNaviVC.swift */ = {isa = PBXFileReference; fileEncoding = 4; lastKnownFileType = sourcecode.swift; path = MainNaviVC.swift; sourceTree = "<group>"; };
		17E6FC2C26C3DD19003D3761 /* ViewController_II.swift */ = {isa = PBXFileReference; fileEncoding = 4; lastKnownFileType = sourcecode.swift; path = ViewController_II.swift; sourceTree = "<group>"; };
		17E6FC2D26C3DD19003D3761 /* ViewController_IV.swift */ = {isa = PBXFileReference; fileEncoding = 4; lastKnownFileType = sourcecode.swift; path = ViewController_IV.swift; sourceTree = "<group>"; };
		17E6FC3426C3DD24003D3761 /* NaviVC_I.swift */ = {isa = PBXFileReference; fileEncoding = 4; lastKnownFileType = sourcecode.swift; path = NaviVC_I.swift; sourceTree = "<group>"; };
		17E6FC3526C3DD24003D3761 /* NaviVC_II_VC_I.swift */ = {isa = PBXFileReference; fileEncoding = 4; lastKnownFileType = sourcecode.swift; path = NaviVC_II_VC_I.swift; sourceTree = "<group>"; };
		17E6FC3626C3DD24003D3761 /* MainTabBarVC.swift */ = {isa = PBXFileReference; fileEncoding = 4; lastKnownFileType = sourcecode.swift; path = MainTabBarVC.swift; sourceTree = "<group>"; };
		17E6FC3726C3DD24003D3761 /* NaviVC_II.swift */ = {isa = PBXFileReference; fileEncoding = 4; lastKnownFileType = sourcecode.swift; path = NaviVC_II.swift; sourceTree = "<group>"; };
		17E6FC3826C3DD24003D3761 /* NaviVC_I_VC_I.swift */ = {isa = PBXFileReference; fileEncoding = 4; lastKnownFileType = sourcecode.swift; path = NaviVC_I_VC_I.swift; sourceTree = "<group>"; };
		1C74E419977A31CE5AD7FAD6 /* Pods_UI_Swift.framework */ = {isa = PBXFileReference; explicitFileType = wrapper.framework; includeInIndex = 0; path = Pods_UI_Swift.framework; sourceTree = BUILT_PRODUCTS_DIR; };
		216FEE71288A9450187D345F /* Pods-UI_Swift-UI_SwiftUITests.debug.xcconfig */ = {isa = PBXFileReference; includeInIndex = 1; lastKnownFileType = text.xcconfig; name = "Pods-UI_Swift-UI_SwiftUITests.debug.xcconfig"; path = "Target Support Files/Pods-UI_Swift-UI_SwiftUITests/Pods-UI_Swift-UI_SwiftUITests.debug.xcconfig"; sourceTree = "<group>"; };
		25997376C3CED0E61DDC111A /* Pods_UI_SwiftTests.framework */ = {isa = PBXFileReference; explicitFileType = wrapper.framework; includeInIndex = 0; path = Pods_UI_SwiftTests.framework; sourceTree = BUILT_PRODUCTS_DIR; };
		2D3285B9BB0A27B9C3BDF616 /* Pods-UI_SwiftTests.debug.xcconfig */ = {isa = PBXFileReference; includeInIndex = 1; lastKnownFileType = text.xcconfig; name = "Pods-UI_SwiftTests.debug.xcconfig"; path = "Target Support Files/Pods-UI_SwiftTests/Pods-UI_SwiftTests.debug.xcconfig"; sourceTree = "<group>"; };
		580869F16D8C2AF15CD76D55 /* Pods-UI_Swift.debug.xcconfig */ = {isa = PBXFileReference; includeInIndex = 1; lastKnownFileType = text.xcconfig; name = "Pods-UI_Swift.debug.xcconfig"; path = "Target Support Files/Pods-UI_Swift/Pods-UI_Swift.debug.xcconfig"; sourceTree = "<group>"; };
		7555A040557025045B7577F3 /* Pods-UI_SwiftTests.release.xcconfig */ = {isa = PBXFileReference; includeInIndex = 1; lastKnownFileType = text.xcconfig; name = "Pods-UI_SwiftTests.release.xcconfig"; path = "Target Support Files/Pods-UI_SwiftTests/Pods-UI_SwiftTests.release.xcconfig"; sourceTree = "<group>"; };
		882E98C28550A3CB8ED60EC9 /* Pods_UI_Swift_UI_SwiftUITests.framework */ = {isa = PBXFileReference; explicitFileType = wrapper.framework; includeInIndex = 0; path = Pods_UI_Swift_UI_SwiftUITests.framework; sourceTree = BUILT_PRODUCTS_DIR; };
		DF8C9BEB6BB9E73AA3915FB5 /* Pods-UI_Swift.release.xcconfig */ = {isa = PBXFileReference; includeInIndex = 1; lastKnownFileType = text.xcconfig; name = "Pods-UI_Swift.release.xcconfig"; path = "Target Support Files/Pods-UI_Swift/Pods-UI_Swift.release.xcconfig"; sourceTree = "<group>"; };
		FD96C407986C6D933F2FB3D0 /* Pods-UI_Swift-UI_SwiftUITests.release.xcconfig */ = {isa = PBXFileReference; includeInIndex = 1; lastKnownFileType = text.xcconfig; name = "Pods-UI_Swift-UI_SwiftUITests.release.xcconfig"; path = "Target Support Files/Pods-UI_Swift-UI_SwiftUITests/Pods-UI_Swift-UI_SwiftUITests.release.xcconfig"; sourceTree = "<group>"; };
/* End PBXFileReference section */

/* Begin PBXFrameworksBuildPhase section */
		17E6FBF226C3DA9B003D3761 /* Frameworks */ = {
			isa = PBXFrameworksBuildPhase;
			buildActionMask = 2147483647;
			files = (
				2B18D477EBDD37D4BAF51EE7 /* Pods_UI_Swift.framework in Frameworks */,
			);
			runOnlyForDeploymentPostprocessing = 0;
		};
		17E6FC0826C3DA9D003D3761 /* Frameworks */ = {
			isa = PBXFrameworksBuildPhase;
			buildActionMask = 2147483647;
			files = (
				ACC91DB3B11D9D8795AE3CC4 /* Pods_UI_SwiftTests.framework in Frameworks */,
			);
			runOnlyForDeploymentPostprocessing = 0;
		};
		17E6FC1326C3DA9D003D3761 /* Frameworks */ = {
			isa = PBXFrameworksBuildPhase;
			buildActionMask = 2147483647;
			files = (
				2E5F72CF9E549BB73EDB473A /* Pods_UI_Swift_UI_SwiftUITests.framework in Frameworks */,
			);
			runOnlyForDeploymentPostprocessing = 0;
		};
/* End PBXFrameworksBuildPhase section */

/* Begin PBXGroup section */
		1727786826DF14C2009F85C3 /* CollectionView */ = {
			isa = PBXGroup;
			children = (
				1727786926DF14F1009F85C3 /* CollectionViewController_I.swift */,
				1727786B26DF1B4E009F85C3 /* CollectionVC_I.swift */,
				1727786D26DF1BAE009F85C3 /* TagCell.swift */,
			);
			path = CollectionView;
			sourceTree = "<group>";
		};
		1727786F26DF29D1009F85C3 /* Extension */ = {
			isa = PBXGroup;
			children = (
				1727787026DF2A9F009F85C3 /* UIColor+UI.swift */,
			);
			path = Extension;
			sourceTree = "<group>";
		};
		1745775726D6086500320B1D /* Common */ = {
			isa = PBXGroup;
			children = (
				1745775826D6089E00320B1D /* MyViewController.swift */,
			);
			path = Common;
			sourceTree = "<group>";
		};
		1745775A26D731AD00320B1D /* Model */ = {
			isa = PBXGroup;
			children = (
			);
			path = Model;
			sourceTree = "<group>";
		};
		1745776426D76EFF00320B1D /* Playground */ = {
			isa = PBXGroup;
			children = (
				1745776126D75F0500320B1D /* PlaygroundViewController.swift */,
				17C7292026E70DB0001ED516 /* MyPlayground.playground */,
				1745775B26D7378100320B1D /* ClassModel.swift */,
				1745775D26D7379200320B1D /* StructModel.swift */,
			);
			path = Playground;
			sourceTree = "<group>";
		};
		17E6FBEC26C3DA9B003D3761 = {
			isa = PBXGroup;
			children = (
				17E6FBF726C3DA9B003D3761 /* UI_Swift */,
				17E6FC0E26C3DA9D003D3761 /* UI_SwiftTests */,
				17E6FC1926C3DA9D003D3761 /* UI_SwiftUITests */,
				17E6FBF626C3DA9B003D3761 /* Products */,
				C44DF840A67C9C3194F9D380 /* Pods */,
				49906A30879CA1B0CB5C74BA /* Frameworks */,
			);
			sourceTree = "<group>";
		};
		17E6FBF626C3DA9B003D3761 /* Products */ = {
			isa = PBXGroup;
			children = (
				17E6FBF526C3DA9B003D3761 /* UI_Swift.app */,
				17E6FC0B26C3DA9D003D3761 /* UI_SwiftTests.xctest */,
				17E6FC1626C3DA9D003D3761 /* UI_SwiftUITests.xctest */,
			);
			name = Products;
			sourceTree = "<group>";
		};
		17E6FBF726C3DA9B003D3761 /* UI_Swift */ = {
			isa = PBXGroup;
			children = (
				17E6FBF826C3DA9B003D3761 /* AppDelegate.swift */,
				17E6FBFA26C3DA9B003D3761 /* SceneDelegate.swift */,
				1727786F26DF29D1009F85C3 /* Extension */,
				1745776426D76EFF00320B1D /* Playground */,
				1745775A26D731AD00320B1D /* Model */,
				1745775726D6086500320B1D /* Common */,
				17E6FC2826C3DD19003D3761 /* NaviVC */,
				17E6FC3326C3DD24003D3761 /* TabBarVC */,
				1727786826DF14C2009F85C3 /* CollectionView */,
				17E6FC0126C3DA9C003D3761 /* Assets.xcassets */,
				17E6FC0326C3DA9C003D3761 /* LaunchScreen.storyboard */,
				17E6FBFE26C3DA9B003D3761 /* Main.storyboard */,
				1758E52026C3FDCA008C4C36 /* ViewController.swift */,
				17E6FC0626C3DA9C003D3761 /* Info.plist */,
			);
			path = UI_Swift;
			sourceTree = "<group>";
		};
		17E6FC0E26C3DA9D003D3761 /* UI_SwiftTests */ = {
			isa = PBXGroup;
			children = (
				17E6FC0F26C3DA9D003D3761 /* UI_SwiftTests.swift */,
				17E6FC1126C3DA9D003D3761 /* Info.plist */,
			);
			path = UI_SwiftTests;
			sourceTree = "<group>";
		};
		17E6FC1926C3DA9D003D3761 /* UI_SwiftUITests */ = {
			isa = PBXGroup;
			children = (
				17E6FC1A26C3DA9D003D3761 /* UI_SwiftUITests.swift */,
				17E6FC1C26C3DA9D003D3761 /* Info.plist */,
			);
			path = UI_SwiftUITests;
			sourceTree = "<group>";
		};
		17E6FC2826C3DD19003D3761 /* NaviVC */ = {
			isa = PBXGroup;
			children = (
				17E6FC2B26C3DD19003D3761 /* MainNaviVC.swift */,
				17E6FC2A26C3DD19003D3761 /* ViewController_I.swift */,
				17E6FC2C26C3DD19003D3761 /* ViewController_II.swift */,
				17E6FC2926C3DD19003D3761 /* ViewController_III.swift */,
				17E6FC2D26C3DD19003D3761 /* ViewController_IV.swift */,
			);
			path = NaviVC;
			sourceTree = "<group>";
		};
		17E6FC3326C3DD24003D3761 /* TabBarVC */ = {
			isa = PBXGroup;
			children = (
				17E6FC3626C3DD24003D3761 /* MainTabBarVC.swift */,
				17E6FC3426C3DD24003D3761 /* NaviVC_I.swift */,
				17E6FC3826C3DD24003D3761 /* NaviVC_I_VC_I.swift */,
				17E6FC3726C3DD24003D3761 /* NaviVC_II.swift */,
				17E6FC3526C3DD24003D3761 /* NaviVC_II_VC_I.swift */,
			);
			path = TabBarVC;
			sourceTree = "<group>";
		};
		49906A30879CA1B0CB5C74BA /* Frameworks */ = {
			isa = PBXGroup;
			children = (
				1C74E419977A31CE5AD7FAD6 /* Pods_UI_Swift.framework */,
				882E98C28550A3CB8ED60EC9 /* Pods_UI_Swift_UI_SwiftUITests.framework */,
				25997376C3CED0E61DDC111A /* Pods_UI_SwiftTests.framework */,
			);
			name = Frameworks;
			sourceTree = "<group>";
		};
		C44DF840A67C9C3194F9D380 /* Pods */ = {
			isa = PBXGroup;
			children = (
				580869F16D8C2AF15CD76D55 /* Pods-UI_Swift.debug.xcconfig */,
				DF8C9BEB6BB9E73AA3915FB5 /* Pods-UI_Swift.release.xcconfig */,
				216FEE71288A9450187D345F /* Pods-UI_Swift-UI_SwiftUITests.debug.xcconfig */,
				FD96C407986C6D933F2FB3D0 /* Pods-UI_Swift-UI_SwiftUITests.release.xcconfig */,
				2D3285B9BB0A27B9C3BDF616 /* Pods-UI_SwiftTests.debug.xcconfig */,
				7555A040557025045B7577F3 /* Pods-UI_SwiftTests.release.xcconfig */,
			);
			path = Pods;
			sourceTree = "<group>";
		};
/* End PBXGroup section */

/* Begin PBXNativeTarget section */
		17E6FBF426C3DA9B003D3761 /* UI_Swift */ = {
			isa = PBXNativeTarget;
			buildConfigurationList = 17E6FC1F26C3DA9D003D3761 /* Build configuration list for PBXNativeTarget "UI_Swift" */;
			buildPhases = (
				984016A6B727BFB8A8F009A9 /* [CP] Check Pods Manifest.lock */,
				17E6FBF126C3DA9B003D3761 /* Sources */,
				17E6FBF226C3DA9B003D3761 /* Frameworks */,
				17E6FBF326C3DA9B003D3761 /* Resources */,
				366334043BD9FF3943FAF5C3 /* [CP] Embed Pods Frameworks */,
			);
			buildRules = (
			);
			dependencies = (
			);
			name = UI_Swift;
			packageProductDependencies = (
			);
			productName = UI_Swift;
			productReference = 17E6FBF526C3DA9B003D3761 /* UI_Swift.app */;
			productType = "com.apple.product-type.application";
		};
		17E6FC0A26C3DA9D003D3761 /* UI_SwiftTests */ = {
			isa = PBXNativeTarget;
			buildConfigurationList = 17E6FC2226C3DA9D003D3761 /* Build configuration list for PBXNativeTarget "UI_SwiftTests" */;
			buildPhases = (
				706D77BB8EDC68064E1F4807 /* [CP] Check Pods Manifest.lock */,
				17E6FC0726C3DA9D003D3761 /* Sources */,
				17E6FC0826C3DA9D003D3761 /* Frameworks */,
				17E6FC0926C3DA9D003D3761 /* Resources */,
			);
			buildRules = (
			);
			dependencies = (
				17E6FC0D26C3DA9D003D3761 /* PBXTargetDependency */,
			);
			name = UI_SwiftTests;
			productName = UI_SwiftTests;
			productReference = 17E6FC0B26C3DA9D003D3761 /* UI_SwiftTests.xctest */;
			productType = "com.apple.product-type.bundle.unit-test";
		};
		17E6FC1526C3DA9D003D3761 /* UI_SwiftUITests */ = {
			isa = PBXNativeTarget;
			buildConfigurationList = 17E6FC2526C3DA9D003D3761 /* Build configuration list for PBXNativeTarget "UI_SwiftUITests" */;
			buildPhases = (
				40F6D541FF16E7488F501245 /* [CP] Check Pods Manifest.lock */,
				17E6FC1226C3DA9D003D3761 /* Sources */,
				17E6FC1326C3DA9D003D3761 /* Frameworks */,
				17E6FC1426C3DA9D003D3761 /* Resources */,
				1FECC6D5B97BAE2A66EF38A6 /* [CP] Embed Pods Frameworks */,
			);
			buildRules = (
			);
			dependencies = (
				17E6FC1826C3DA9D003D3761 /* PBXTargetDependency */,
			);
			name = UI_SwiftUITests;
			productName = UI_SwiftUITests;
			productReference = 17E6FC1626C3DA9D003D3761 /* UI_SwiftUITests.xctest */;
			productType = "com.apple.product-type.bundle.ui-testing";
		};
/* End PBXNativeTarget section */

/* Begin PBXProject section */
		17E6FBED26C3DA9B003D3761 /* Project object */ = {
			isa = PBXProject;
			attributes = {
				LastSwiftUpdateCheck = 1250;
				LastUpgradeCheck = 1250;
				ORGANIZATIONNAME = nutletor;
				TargetAttributes = {
					17E6FBF426C3DA9B003D3761 = {
						CreatedOnToolsVersion = 12.5.1;
					};
					17E6FC0A26C3DA9D003D3761 = {
						CreatedOnToolsVersion = 12.5.1;
						TestTargetID = 17E6FBF426C3DA9B003D3761;
					};
					17E6FC1526C3DA9D003D3761 = {
						CreatedOnToolsVersion = 12.5.1;
						TestTargetID = 17E6FBF426C3DA9B003D3761;
					};
				};
			};
			buildConfigurationList = 17E6FBF026C3DA9B003D3761 /* Build configuration list for PBXProject "UI_Swift" */;
			compatibilityVersion = "Xcode 9.3";
			developmentRegion = en;
			hasScannedForEncodings = 0;
			knownRegions = (
				en,
				Base,
			);
			mainGroup = 17E6FBEC26C3DA9B003D3761;
			packageReferences = (
			);
			productRefGroup = 17E6FBF626C3DA9B003D3761 /* Products */;
			projectDirPath = "";
			projectRoot = "";
			targets = (
				17E6FBF426C3DA9B003D3761 /* UI_Swift */,
				17E6FC0A26C3DA9D003D3761 /* UI_SwiftTests */,
				17E6FC1526C3DA9D003D3761 /* UI_SwiftUITests */,
			);
		};
/* End PBXProject section */

/* Begin PBXResourcesBuildPhase section */
		17E6FBF326C3DA9B003D3761 /* Resources */ = {
			isa = PBXResourcesBuildPhase;
			buildActionMask = 2147483647;
			files = (
				17E6FC0526C3DA9C003D3761 /* LaunchScreen.storyboard in Resources */,
				17E6FC0226C3DA9C003D3761 /* Assets.xcassets in Resources */,
				17E6FC0026C3DA9B003D3761 /* Main.storyboard in Resources */,
			);
			runOnlyForDeploymentPostprocessing = 0;
		};
		17E6FC0926C3DA9D003D3761 /* Resources */ = {
			isa = PBXResourcesBuildPhase;
			buildActionMask = 2147483647;
			files = (
			);
			runOnlyForDeploymentPostprocessing = 0;
		};
		17E6FC1426C3DA9D003D3761 /* Resources */ = {
			isa = PBXResourcesBuildPhase;
			buildActionMask = 2147483647;
			files = (
			);
			runOnlyForDeploymentPostprocessing = 0;
		};
/* End PBXResourcesBuildPhase section */

/* Begin PBXShellScriptBuildPhase section */
		1FECC6D5B97BAE2A66EF38A6 /* [CP] Embed Pods Frameworks */ = {
			isa = PBXShellScriptBuildPhase;
			buildActionMask = 2147483647;
			files = (
			);
			inputFileListPaths = (
				"${PODS_ROOT}/Target Support Files/Pods-UI_Swift-UI_SwiftUITests/Pods-UI_Swift-UI_SwiftUITests-frameworks-${CONFIGURATION}-input-files.xcfilelist",
			);
			name = "[CP] Embed Pods Frameworks";
			outputFileListPaths = (
				"${PODS_ROOT}/Target Support Files/Pods-UI_Swift-UI_SwiftUITests/Pods-UI_Swift-UI_SwiftUITests-frameworks-${CONFIGURATION}-output-files.xcfilelist",
			);
			runOnlyForDeploymentPostprocessing = 0;
			shellPath = /bin/sh;
			shellScript = "\"${PODS_ROOT}/Target Support Files/Pods-UI_Swift-UI_SwiftUITests/Pods-UI_Swift-UI_SwiftUITests-frameworks.sh\"\n";
			showEnvVarsInLog = 0;
		};
		366334043BD9FF3943FAF5C3 /* [CP] Embed Pods Frameworks */ = {
			isa = PBXShellScriptBuildPhase;
			buildActionMask = 2147483647;
			files = (
			);
			inputFileListPaths = (
				"${PODS_ROOT}/Target Support Files/Pods-UI_Swift/Pods-UI_Swift-frameworks-${CONFIGURATION}-input-files.xcfilelist",
			);
			name = "[CP] Embed Pods Frameworks";
			outputFileListPaths = (
				"${PODS_ROOT}/Target Support Files/Pods-UI_Swift/Pods-UI_Swift-frameworks-${CONFIGURATION}-output-files.xcfilelist",
			);
			runOnlyForDeploymentPostprocessing = 0;
			shellPath = /bin/sh;
			shellScript = "\"${PODS_ROOT}/Target Support Files/Pods-UI_Swift/Pods-UI_Swift-frameworks.sh\"\n";
			showEnvVarsInLog = 0;
		};
		40F6D541FF16E7488F501245 /* [CP] Check Pods Manifest.lock */ = {
			isa = PBXShellScriptBuildPhase;
			buildActionMask = 2147483647;
			files = (
			);
			inputFileListPaths = (
			);
			inputPaths = (
				"${PODS_PODFILE_DIR_PATH}/Podfile.lock",
				"${PODS_ROOT}/Manifest.lock",
			);
			name = "[CP] Check Pods Manifest.lock";
			outputFileListPaths = (
			);
			outputPaths = (
				"$(DERIVED_FILE_DIR)/Pods-UI_Swift-UI_SwiftUITests-checkManifestLockResult.txt",
			);
			runOnlyForDeploymentPostprocessing = 0;
			shellPath = /bin/sh;
			shellScript = "diff \"${PODS_PODFILE_DIR_PATH}/Podfile.lock\" \"${PODS_ROOT}/Manifest.lock\" > /dev/null\nif [ $? != 0 ] ; then\n    # print error to STDERR\n    echo \"error: The sandbox is not in sync with the Podfile.lock. Run 'pod install' or update your CocoaPods installation.\" >&2\n    exit 1\nfi\n# This output is used by Xcode 'outputs' to avoid re-running this script phase.\necho \"SUCCESS\" > \"${SCRIPT_OUTPUT_FILE_0}\"\n";
			showEnvVarsInLog = 0;
		};
		706D77BB8EDC68064E1F4807 /* [CP] Check Pods Manifest.lock */ = {
			isa = PBXShellScriptBuildPhase;
			buildActionMask = 2147483647;
			files = (
			);
			inputFileListPaths = (
			);
			inputPaths = (
				"${PODS_PODFILE_DIR_PATH}/Podfile.lock",
				"${PODS_ROOT}/Manifest.lock",
			);
			name = "[CP] Check Pods Manifest.lock";
			outputFileListPaths = (
			);
			outputPaths = (
				"$(DERIVED_FILE_DIR)/Pods-UI_SwiftTests-checkManifestLockResult.txt",
			);
			runOnlyForDeploymentPostprocessing = 0;
			shellPath = /bin/sh;
			shellScript = "diff \"${PODS_PODFILE_DIR_PATH}/Podfile.lock\" \"${PODS_ROOT}/Manifest.lock\" > /dev/null\nif [ $? != 0 ] ; then\n    # print error to STDERR\n    echo \"error: The sandbox is not in sync with the Podfile.lock. Run 'pod install' or update your CocoaPods installation.\" >&2\n    exit 1\nfi\n# This output is used by Xcode 'outputs' to avoid re-running this script phase.\necho \"SUCCESS\" > \"${SCRIPT_OUTPUT_FILE_0}\"\n";
			showEnvVarsInLog = 0;
		};
		984016A6B727BFB8A8F009A9 /* [CP] Check Pods Manifest.lock */ = {
			isa = PBXShellScriptBuildPhase;
			buildActionMask = 2147483647;
			files = (
			);
			inputFileListPaths = (
			);
			inputPaths = (
				"${PODS_PODFILE_DIR_PATH}/Podfile.lock",
				"${PODS_ROOT}/Manifest.lock",
			);
			name = "[CP] Check Pods Manifest.lock";
			outputFileListPaths = (
			);
			outputPaths = (
				"$(DERIVED_FILE_DIR)/Pods-UI_Swift-checkManifestLockResult.txt",
			);
			runOnlyForDeploymentPostprocessing = 0;
			shellPath = /bin/sh;
			shellScript = "diff \"${PODS_PODFILE_DIR_PATH}/Podfile.lock\" \"${PODS_ROOT}/Manifest.lock\" > /dev/null\nif [ $? != 0 ] ; then\n    # print error to STDERR\n    echo \"error: The sandbox is not in sync with the Podfile.lock. Run 'pod install' or update your CocoaPods installation.\" >&2\n    exit 1\nfi\n# This output is used by Xcode 'outputs' to avoid re-running this script phase.\necho \"SUCCESS\" > \"${SCRIPT_OUTPUT_FILE_0}\"\n";
			showEnvVarsInLog = 0;
		};
/* End PBXShellScriptBuildPhase section */

/* Begin PBXSourcesBuildPhase section */
		17E6FBF126C3DA9B003D3761 /* Sources */ = {
			isa = PBXSourcesBuildPhase;
			buildActionMask = 2147483647;
			files = (
				17E6FC3D26C3DD24003D3761 /* NaviVC_I_VC_I.swift in Sources */,
				17E6FC2E26C3DD1A003D3761 /* ViewController_III.swift in Sources */,
				1727786C26DF1B4E009F85C3 /* CollectionVC_I.swift in Sources */,
				1727786A26DF14F1009F85C3 /* CollectionViewController_I.swift in Sources */,
				1727787126DF2A9F009F85C3 /* UIColor+UI.swift in Sources */,
				1745775E26D7379200320B1D /* StructModel.swift in Sources */,
				17E6FC3C26C3DD24003D3761 /* NaviVC_II.swift in Sources */,
				1745775C26D7378100320B1D /* ClassModel.swift in Sources */,
				17E6FC3026C3DD1A003D3761 /* MainNaviVC.swift in Sources */,
				17E6FC3126C3DD1A003D3761 /* ViewController_II.swift in Sources */,
				17E6FC3926C3DD24003D3761 /* NaviVC_I.swift in Sources */,
				17E6FBF926C3DA9B003D3761 /* AppDelegate.swift in Sources */,
				1745776226D75F0500320B1D /* PlaygroundViewController.swift in Sources */,
				1727786E26DF1BAE009F85C3 /* TagCell.swift in Sources */,
				17E6FBFB26C3DA9B003D3761 /* SceneDelegate.swift in Sources */,
				1758E52126C3FDCA008C4C36 /* ViewController.swift in Sources */,
				17E6FC2F26C3DD1A003D3761 /* ViewController_I.swift in Sources */,
				1745775926D6089E00320B1D /* MyViewController.swift in Sources */,
				17E6FC3B26C3DD24003D3761 /* MainTabBarVC.swift in Sources */,
				17E6FC3226C3DD1A003D3761 /* ViewController_IV.swift in Sources */,
				17E6FC3A26C3DD24003D3761 /* NaviVC_II_VC_I.swift in Sources */,
			);
			runOnlyForDeploymentPostprocessing = 0;
		};
		17E6FC0726C3DA9D003D3761 /* Sources */ = {
			isa = PBXSourcesBuildPhase;
			buildActionMask = 2147483647;
			files = (
				17E6FC1026C3DA9D003D3761 /* UI_SwiftTests.swift in Sources */,
			);
			runOnlyForDeploymentPostprocessing = 0;
		};
		17E6FC1226C3DA9D003D3761 /* Sources */ = {
			isa = PBXSourcesBuildPhase;
			buildActionMask = 2147483647;
			files = (
				17E6FC1B26C3DA9D003D3761 /* UI_SwiftUITests.swift in Sources */,
			);
			runOnlyForDeploymentPostprocessing = 0;
		};
/* End PBXSourcesBuildPhase section */

/* Begin PBXTargetDependency section */
		17E6FC0D26C3DA9D003D3761 /* PBXTargetDependency */ = {
			isa = PBXTargetDependency;
			target = 17E6FBF426C3DA9B003D3761 /* UI_Swift */;
			targetProxy = 17E6FC0C26C3DA9D003D3761 /* PBXContainerItemProxy */;
		};
		17E6FC1826C3DA9D003D3761 /* PBXTargetDependency */ = {
			isa = PBXTargetDependency;
			target = 17E6FBF426C3DA9B003D3761 /* UI_Swift */;
			targetProxy = 17E6FC1726C3DA9D003D3761 /* PBXContainerItemProxy */;
		};
/* End PBXTargetDependency section */

/* Begin PBXVariantGroup section */
		17E6FBFE26C3DA9B003D3761 /* Main.storyboard */ = {
			isa = PBXVariantGroup;
			children = (
				17E6FBFF26C3DA9B003D3761 /* Base */,
			);
			name = Main.storyboard;
			sourceTree = "<group>";
		};
		17E6FC0326C3DA9C003D3761 /* LaunchScreen.storyboard */ = {
			isa = PBXVariantGroup;
			children = (
				17E6FC0426C3DA9C003D3761 /* Base */,
			);
			name = LaunchScreen.storyboard;
			sourceTree = "<group>";
		};
/* End PBXVariantGroup section */

/* Begin XCBuildConfiguration section */
		17E6FC1D26C3DA9D003D3761 /* Debug */ = {
			isa = XCBuildConfiguration;
			buildSettings = {
				ALWAYS_SEARCH_USER_PATHS = NO;
				CLANG_ANALYZER_NONNULL = YES;
				CLANG_ANALYZER_NUMBER_OBJECT_CONVERSION = YES_AGGRESSIVE;
				CLANG_CXX_LANGUAGE_STANDARD = "gnu++14";
				CLANG_CXX_LIBRARY = "libc++";
				CLANG_ENABLE_MODULES = YES;
				CLANG_ENABLE_OBJC_ARC = YES;
				CLANG_ENABLE_OBJC_WEAK = YES;
				CLANG_WARN_BLOCK_CAPTURE_AUTORELEASING = YES;
				CLANG_WARN_BOOL_CONVERSION = YES;
				CLANG_WARN_COMMA = YES;
				CLANG_WARN_CONSTANT_CONVERSION = YES;
				CLANG_WARN_DEPRECATED_OBJC_IMPLEMENTATIONS = YES;
				CLANG_WARN_DIRECT_OBJC_ISA_USAGE = YES_ERROR;
				CLANG_WARN_DOCUMENTATION_COMMENTS = YES;
				CLANG_WARN_EMPTY_BODY = YES;
				CLANG_WARN_ENUM_CONVERSION = YES;
				CLANG_WARN_INFINITE_RECURSION = YES;
				CLANG_WARN_INT_CONVERSION = YES;
				CLANG_WARN_NON_LITERAL_NULL_CONVERSION = YES;
				CLANG_WARN_OBJC_IMPLICIT_RETAIN_SELF = YES;
				CLANG_WARN_OBJC_LITERAL_CONVERSION = YES;
				CLANG_WARN_OBJC_ROOT_CLASS = YES_ERROR;
				CLANG_WARN_QUOTED_INCLUDE_IN_FRAMEWORK_HEADER = YES;
				CLANG_WARN_RANGE_LOOP_ANALYSIS = YES;
				CLANG_WARN_STRICT_PROTOTYPES = YES;
				CLANG_WARN_SUSPICIOUS_MOVE = YES;
				CLANG_WARN_UNGUARDED_AVAILABILITY = YES_AGGRESSIVE;
				CLANG_WARN_UNREACHABLE_CODE = YES;
				CLANG_WARN__DUPLICATE_METHOD_MATCH = YES;
				COPY_PHASE_STRIP = NO;
				DEBUG_INFORMATION_FORMAT = dwarf;
				ENABLE_STRICT_OBJC_MSGSEND = YES;
				ENABLE_TESTABILITY = YES;
				GCC_C_LANGUAGE_STANDARD = gnu11;
				GCC_DYNAMIC_NO_PIC = NO;
				GCC_NO_COMMON_BLOCKS = YES;
				GCC_OPTIMIZATION_LEVEL = 0;
				GCC_PREPROCESSOR_DEFINITIONS = (
					"DEBUG=1",
					"$(inherited)",
				);
				GCC_WARN_64_TO_32_BIT_CONVERSION = YES;
				GCC_WARN_ABOUT_RETURN_TYPE = YES_ERROR;
				GCC_WARN_UNDECLARED_SELECTOR = YES;
				GCC_WARN_UNINITIALIZED_AUTOS = YES_AGGRESSIVE;
				GCC_WARN_UNUSED_FUNCTION = YES;
				GCC_WARN_UNUSED_VARIABLE = YES;
				IPHONEOS_DEPLOYMENT_TARGET = 13.0;
				MTL_ENABLE_DEBUG_INFO = INCLUDE_SOURCE;
				MTL_FAST_MATH = YES;
				ONLY_ACTIVE_ARCH = YES;
				SDKROOT = iphoneos;
				SWIFT_ACTIVE_COMPILATION_CONDITIONS = DEBUG;
				SWIFT_OPTIMIZATION_LEVEL = "-Onone";
			};
			name = Debug;
		};
		17E6FC1E26C3DA9D003D3761 /* Release */ = {
			isa = XCBuildConfiguration;
			buildSettings = {
				ALWAYS_SEARCH_USER_PATHS = NO;
				CLANG_ANALYZER_NONNULL = YES;
				CLANG_ANALYZER_NUMBER_OBJECT_CONVERSION = YES_AGGRESSIVE;
				CLANG_CXX_LANGUAGE_STANDARD = "gnu++14";
				CLANG_CXX_LIBRARY = "libc++";
				CLANG_ENABLE_MODULES = YES;
				CLANG_ENABLE_OBJC_ARC = YES;
				CLANG_ENABLE_OBJC_WEAK = YES;
				CLANG_WARN_BLOCK_CAPTURE_AUTORELEASING = YES;
				CLANG_WARN_BOOL_CONVERSION = YES;
				CLANG_WARN_COMMA = YES;
				CLANG_WARN_CONSTANT_CONVERSION = YES;
				CLANG_WARN_DEPRECATED_OBJC_IMPLEMENTATIONS = YES;
				CLANG_WARN_DIRECT_OBJC_ISA_USAGE = YES_ERROR;
				CLANG_WARN_DOCUMENTATION_COMMENTS = YES;
				CLANG_WARN_EMPTY_BODY = YES;
				CLANG_WARN_ENUM_CONVERSION = YES;
				CLANG_WARN_INFINITE_RECURSION = YES;
				CLANG_WARN_INT_CONVERSION = YES;
				CLANG_WARN_NON_LITERAL_NULL_CONVERSION = YES;
				CLANG_WARN_OBJC_IMPLICIT_RETAIN_SELF = YES;
				CLANG_WARN_OBJC_LITERAL_CONVERSION = YES;
				CLANG_WARN_OBJC_ROOT_CLASS = YES_ERROR;
				CLANG_WARN_QUOTED_INCLUDE_IN_FRAMEWORK_HEADER = YES;
				CLANG_WARN_RANGE_LOOP_ANALYSIS = YES;
				CLANG_WARN_STRICT_PROTOTYPES = YES;
				CLANG_WARN_SUSPICIOUS_MOVE = YES;
				CLANG_WARN_UNGUARDED_AVAILABILITY = YES_AGGRESSIVE;
				CLANG_WARN_UNREACHABLE_CODE = YES;
				CLANG_WARN__DUPLICATE_METHOD_MATCH = YES;
				COPY_PHASE_STRIP = NO;
				DEBUG_INFORMATION_FORMAT = "dwarf-with-dsym";
				ENABLE_NS_ASSERTIONS = NO;
				ENABLE_STRICT_OBJC_MSGSEND = YES;
				GCC_C_LANGUAGE_STANDARD = gnu11;
				GCC_NO_COMMON_BLOCKS = YES;
				GCC_WARN_64_TO_32_BIT_CONVERSION = YES;
				GCC_WARN_ABOUT_RETURN_TYPE = YES_ERROR;
				GCC_WARN_UNDECLARED_SELECTOR = YES;
				GCC_WARN_UNINITIALIZED_AUTOS = YES_AGGRESSIVE;
				GCC_WARN_UNUSED_FUNCTION = YES;
				GCC_WARN_UNUSED_VARIABLE = YES;
				IPHONEOS_DEPLOYMENT_TARGET = 13.0;
				MTL_ENABLE_DEBUG_INFO = NO;
				MTL_FAST_MATH = YES;
				SDKROOT = iphoneos;
				SWIFT_COMPILATION_MODE = wholemodule;
				SWIFT_OPTIMIZATION_LEVEL = "-O";
				VALIDATE_PRODUCT = YES;
			};
			name = Release;
		};
		17E6FC2026C3DA9D003D3761 /* Debug */ = {
			isa = XCBuildConfiguration;
			baseConfigurationReference = 580869F16D8C2AF15CD76D55 /* Pods-UI_Swift.debug.xcconfig */;
			buildSettings = {
				ASSETCATALOG_COMPILER_APPICON_NAME = AppIcon;
				ASSETCATALOG_COMPILER_GLOBAL_ACCENT_COLOR_NAME = AccentColor;
				CODE_SIGN_IDENTITY = "Apple Development";
				CODE_SIGN_STYLE = Automatic;
				DEVELOPMENT_TEAM = D9D3S783C8;
				INFOPLIST_FILE = UI_Swift/Info.plist;
				LD_RUNPATH_SEARCH_PATHS = (
					"$(inherited)",
					"@executable_path/Frameworks",
				);
				PRODUCT_BUNDLE_IDENTIFIER = "nutletor.UI-Swift";
				PRODUCT_NAME = "$(TARGET_NAME)";
				PROVISIONING_PROFILE_SPECIFIER = "";
				SWIFT_VERSION = 5.0;
				TARGETED_DEVICE_FAMILY = "1,2";
			};
			name = Debug;
		};
		17E6FC2126C3DA9D003D3761 /* Release */ = {
			isa = XCBuildConfiguration;
			baseConfigurationReference = DF8C9BEB6BB9E73AA3915FB5 /* Pods-UI_Swift.release.xcconfig */;
			buildSettings = {
				ASSETCATALOG_COMPILER_APPICON_NAME = AppIcon;
				ASSETCATALOG_COMPILER_GLOBAL_ACCENT_COLOR_NAME = AccentColor;
				CODE_SIGN_IDENTITY = "Apple Development";
				CODE_SIGN_STYLE = Automatic;
				DEVELOPMENT_TEAM = D9D3S783C8;
				INFOPLIST_FILE = UI_Swift/Info.plist;
				LD_RUNPATH_SEARCH_PATHS = (
					"$(inherited)",
					"@executable_path/Frameworks",
				);
				PRODUCT_BUNDLE_IDENTIFIER = "nutletor.UI-Swift";
				PRODUCT_NAME = "$(TARGET_NAME)";
				PROVISIONING_PROFILE_SPECIFIER = "";
				SWIFT_VERSION = 5.0;
				TARGETED_DEVICE_FAMILY = "1,2";
			};
			name = Release;
		};
		17E6FC2326C3DA9D003D3761 /* Debug */ = {
			isa = XCBuildConfiguration;
			baseConfigurationReference = 2D3285B9BB0A27B9C3BDF616 /* Pods-UI_SwiftTests.debug.xcconfig */;
			buildSettings = {
				ALWAYS_EMBED_SWIFT_STANDARD_LIBRARIES = YES;
				BUNDLE_LOADER = "$(TEST_HOST)";
				CODE_SIGN_STYLE = Automatic;
				DEVELOPMENT_TEAM = D4X9CN9GC7;
				INFOPLIST_FILE = UI_SwiftTests/Info.plist;
				IPHONEOS_DEPLOYMENT_TARGET = 14.5;
				LD_RUNPATH_SEARCH_PATHS = (
					"$(inherited)",
					"@executable_path/Frameworks",
					"@loader_path/Frameworks",
				);
				PRODUCT_BUNDLE_IDENTIFIER = "nutletor.UI-SwiftTests";
				PRODUCT_NAME = "$(TARGET_NAME)";
				SWIFT_VERSION = 5.0;
				TARGETED_DEVICE_FAMILY = "1,2";
				TEST_HOST = "$(BUILT_PRODUCTS_DIR)/UI_Swift.app/UI_Swift";
			};
			name = Debug;
		};
		17E6FC2426C3DA9D003D3761 /* Release */ = {
			isa = XCBuildConfiguration;
			baseConfigurationReference = 7555A040557025045B7577F3 /* Pods-UI_SwiftTests.release.xcconfig */;
			buildSettings = {
				ALWAYS_EMBED_SWIFT_STANDARD_LIBRARIES = YES;
				BUNDLE_LOADER = "$(TEST_HOST)";
				CODE_SIGN_STYLE = Automatic;
				DEVELOPMENT_TEAM = D4X9CN9GC7;
				INFOPLIST_FILE = UI_SwiftTests/Info.plist;
				IPHONEOS_DEPLOYMENT_TARGET = 14.5;
				LD_RUNPATH_SEARCH_PATHS = (
					"$(inherited)",
					"@executable_path/Frameworks",
					"@loader_path/Frameworks",
				);
				PRODUCT_BUNDLE_IDENTIFIER = "nutletor.UI-SwiftTests";
				PRODUCT_NAME = "$(TARGET_NAME)";
				SWIFT_VERSION = 5.0;
				TARGETED_DEVICE_FAMILY = "1,2";
				TEST_HOST = "$(BUILT_PRODUCTS_DIR)/UI_Swift.app/UI_Swift";
			};
			name = Release;
		};
		17E6FC2626C3DA9D003D3761 /* Debug */ = {
			isa = XCBuildConfiguration;
			baseConfigurationReference = 216FEE71288A9450187D345F /* Pods-UI_Swift-UI_SwiftUITests.debug.xcconfig */;
			buildSettings = {
				ALWAYS_EMBED_SWIFT_STANDARD_LIBRARIES = YES;
				CODE_SIGN_STYLE = Automatic;
				DEVELOPMENT_TEAM = D4X9CN9GC7;
				INFOPLIST_FILE = UI_SwiftUITests/Info.plist;
				LD_RUNPATH_SEARCH_PATHS = (
					"$(inherited)",
					"@executable_path/Frameworks",
					"@loader_path/Frameworks",
				);
				PRODUCT_BUNDLE_IDENTIFIER = "nutletor.UI-SwiftUITests";
				PRODUCT_NAME = "$(TARGET_NAME)";
				SWIFT_VERSION = 5.0;
				TARGETED_DEVICE_FAMILY = "1,2";
				TEST_TARGET_NAME = UI_Swift;
			};
			name = Debug;
		};
		17E6FC2726C3DA9D003D3761 /* Release */ = {
			isa = XCBuildConfiguration;
			baseConfigurationReference = FD96C407986C6D933F2FB3D0 /* Pods-UI_Swift-UI_SwiftUITests.release.xcconfig */;
			buildSettings = {
				ALWAYS_EMBED_SWIFT_STANDARD_LIBRARIES = YES;
				CODE_SIGN_STYLE = Automatic;
				DEVELOPMENT_TEAM = D4X9CN9GC7;
				INFOPLIST_FILE = UI_SwiftUITests/Info.plist;
				LD_RUNPATH_SEARCH_PATHS = (
					"$(inherited)",
					"@executable_path/Frameworks",
					"@loader_path/Frameworks",
				);
				PRODUCT_BUNDLE_IDENTIFIER = "nutletor.UI-SwiftUITests";
				PRODUCT_NAME = "$(TARGET_NAME)";
				SWIFT_VERSION = 5.0;
				TARGETED_DEVICE_FAMILY = "1,2";
				TEST_TARGET_NAME = UI_Swift;
			};
			name = Release;
		};
/* End XCBuildConfiguration section */

/* Begin XCConfigurationList section */
		17E6FBF026C3DA9B003D3761 /* Build configuration list for PBXProject "UI_Swift" */ = {
			isa = XCConfigurationList;
			buildConfigurations = (
				17E6FC1D26C3DA9D003D3761 /* Debug */,
				17E6FC1E26C3DA9D003D3761 /* Release */,
			);
			defaultConfigurationIsVisible = 0;
			defaultConfigurationName = Release;
		};
		17E6FC1F26C3DA9D003D3761 /* Build configuration list for PBXNativeTarget "UI_Swift" */ = {
			isa = XCConfigurationList;
			buildConfigurations = (
				17E6FC2026C3DA9D003D3761 /* Debug */,
				17E6FC2126C3DA9D003D3761 /* Release */,
			);
			defaultConfigurationIsVisible = 0;
			defaultConfigurationName = Release;
		};
		17E6FC2226C3DA9D003D3761 /* Build configuration list for PBXNativeTarget "UI_SwiftTests" */ = {
			isa = XCConfigurationList;
			buildConfigurations = (
				17E6FC2326C3DA9D003D3761 /* Debug */,
				17E6FC2426C3DA9D003D3761 /* Release */,
			);
			defaultConfigurationIsVisible = 0;
			defaultConfigurationName = Release;
		};
		17E6FC2526C3DA9D003D3761 /* Build configuration list for PBXNativeTarget "UI_SwiftUITests" */ = {
			isa = XCConfigurationList;
			buildConfigurations = (
				17E6FC2626C3DA9D003D3761 /* Debug */,
				17E6FC2726C3DA9D003D3761 /* Release */,
			);
			defaultConfigurationIsVisible = 0;
			defaultConfigurationName = Release;
		};
/* End XCConfigurationList section */
	};
	rootObject = 17E6FBED26C3DA9B003D3761 /* Project object */;
}
